
Microsoft Visual Studio Solution File, Format Version 12.00
Project("{FAE04EC0-301F-11D3-BF4B-00C04F79EFBC}") = "TileMapGenerator", "TileMapGenerator\TileMapGenerator.csproj", "{C636E686-ADB1-46E8-B8C7-4B8E043D1FAA}"
EndProject
Global
	GlobalSection(SolutionConfigurationPlatforms) = preSolution
		Debug|Any CPU = Debug|Any CPU
		Release|Any CPU = Release|Any CPU
	EndGlobalSection
	GlobalSection(ProjectConfigurationPlatforms) = postSolution
		{C636E686-ADB1-46E8-B8C7-4B8E043D1FAA}.Debug|Any CPU.ActiveCfg = Debug|Any CPU
		{C636E686-ADB1-46E8-B8C7-4B8E043D1FAA}.Debug|Any CPU.Build.0 = Debug|Any CPU
		{C636E686-ADB1-46E8-B8C7-4B8E043D1FAA}.Release|Any CPU.ActiveCfg = Release|Any CPU
		{C636E686-ADB1-46E8-B8C7-4B8E043D1FAA}.Release|Any CPU.Build.0 = Release|Any CPU
	EndGlobalSection
EndGlobal
